// !$*UTF8*$!
{
	archiveVersion = 1;
	classes = {
	};
	objectVersion = 56;
	objects = {

/* Begin PBXBuildFile section */
		3F8DEB042CAAB8FB00973165 /* AppDelegate.swift in Sources */ = {isa = PBXBuildFile; fileRef = 3F8DEB032CAAB8FB00973165 /* AppDelegate.swift */; };
		3F8DEB062CAAB8FB00973165 /* SceneDelegate.swift in Sources */ = {isa = PBXBuildFile; fileRef = 3F8DEB052CAAB8FB00973165 /* SceneDelegate.swift */; };
		3F8DEB082CAAB8FB00973165 /* ViewController.swift in Sources */ = {isa = PBXBuildFile; fileRef = 3F8DEB072CAAB8FB00973165 /* ViewController.swift */; };
		3F8DEB0B2CAAB8FB00973165 /* Main.storyboard in Resources */ = {isa = PBXBuildFile; fileRef = 3F8DEB092CAAB8FB00973165 /* Main.storyboard */; };
		3F8DEB0D2CAAB8FD00973165 /* Assets.xcassets in Resources */ = {isa = PBXBuildFile; fileRef = 3F8DEB0C2CAAB8FD00973165 /* Assets.xcassets */; };
		3F8DEB102CAAB8FD00973165 /* LaunchScreen.storyboard in Resources */ = {isa = PBXBuildFile; fileRef = 3F8DEB0E2CAAB8FD00973165 /* LaunchScreen.storyboard */; };
		3F8DEB1B2CAAB8FD00973165 /* LightApplicationTests.swift in Sources */ = {isa = PBXBuildFile; fileRef = 3F8DEB1A2CAAB8FD00973165 /* LightApplicationTests.swift */; };
		3F8DEB252CAAB8FD00973165 /* LightApplicationUITests.swift in Sources */ = {isa = PBXBuildFile; fileRef = 3F8DEB242CAAB8FD00973165 /* LightApplicationUITests.swift */; };
		3F8DEB272CAAB8FD00973165 /* LightApplicationUITestsLaunchTests.swift in Sources */ = {isa = PBXBuildFile; fileRef = 3F8DEB262CAAB8FD00973165 /* LightApplicationUITestsLaunchTests.swift */; };
/* End PBXBuildFile section */

/* Begin PBXContainerItemProxy section */
		3F8DEB172CAAB8FD00973165 /* PBXContainerItemProxy */ = {
			isa = PBXContainerItemProxy;
			containerPortal = 3F8DEAF82CAAB8FB00973165 /* Project object */;
			proxyType = 1;
			remoteGlobalIDString = 3F8DEAFF2CAAB8FB00973165;
			remoteInfo = LightApplication;
		};
		3F8DEB212CAAB8FD00973165 /* PBXContainerItemProxy */ = {
			isa = PBXContainerItemProxy;
			containerPortal = 3F8DEAF82CAAB8FB00973165 /* Project object */;
			proxyType = 1;
			remoteGlobalIDString = 3F8DEAFF2CAAB8FB00973165;
			remoteInfo = LightApplication;
		};
/* End PBXContainerItemProxy section */

/* Begin PBXFileReference section */
		3F8DEB002CAAB8FB00973165 /* LightApplication.app */ = {isa = PBXFileReference; explicitFileType = wrapper.application; includeInIndex = 0; path = LightApplication.app; sourceTree = BUILT_PRODUCTS_DIR; };
		3F8DEB032CAAB8FB00973165 /* AppDelegate.swift */ = {isa = PBXFileReference; lastKnownFileType = sourcecode.swift; path = AppDelegate.swift; sourceTree = "<group>"; };
		3F8DEB052CAAB8FB00973165 /* SceneDelegate.swift */ = {isa = PBXFileReference; lastKnownFileType = sourcecode.swift; path = SceneDelegate.swift; sourceTree = "<group>"; };
		3F8DEB072CAAB8FB00973165 /* ViewController.swift */ = {isa = PBXFileReference; lastKnownFileType = sourcecode.swift; path = ViewController.swift; sourceTree = "<group>"; };
		3F8DEB0A2CAAB8FB00973165 /* Base */ = {isa = PBXFileReference; lastKnownFileType = file.storyboard; name = Base; path = Base.lproj/Main.storyboard; sourceTree = "<group>"; };
		3F8DEB0C2CAAB8FD00973165 /* Assets.xcassets */ = {isa = PBXFileReference; lastKnownFileType = folder.assetcatalog; path = Assets.xcassets; sourceTree = "<group>"; };
		3F8DEB0F2CAAB8FD00973165 /* Base */ = {isa = PBXFileReference; lastKnownFileType = file.storyboard; name = Base; path = Base.lproj/LaunchScreen.storyboard; sourceTree = "<group>"; };
		3F8DEB112CAAB8FD00973165 /* Info.plist */ = {isa = PBXFileReference; lastKnownFileType = text.plist.xml; path = Info.plist; sourceTree = "<group>"; };
		3F8DEB162CAAB8FD00973165 /* LightApplicationTests.xctest */ = {isa = PBXFileReference; explicitFileType = wrapper.cfbundle; includeInIndex = 0; path = LightApplicationTests.xctest; sourceTree = BUILT_PRODUCTS_DIR; };
		3F8DEB1A2CAAB8FD00973165 /* LightApplicationTests.swift */ = {isa = PBXFileReference; lastKnownFileType = sourcecode.swift; path = LightApplicationTests.swift; sourceTree = "<group>"; };
		3F8DEB202CAAB8FD00973165 /* LightApplicationUITests.xctest */ = {isa = PBXFileReference; explicitFileType = wrapper.cfbundle; includeInIndex = 0; path = LightApplicationUITests.xctest; sourceTree = BUILT_PRODUCTS_DIR; };
		3F8DEB242CAAB8FD00973165 /* LightApplicationUITests.swift */ = {isa = PBXFileReference; lastKnownFileType = sourcecode.swift; path = LightApplicationUITests.swift; sourceTree = "<group>"; };
		3F8DEB262CAAB8FD00973165 /* LightApplicationUITestsLaunchTests.swift */ = {isa = PBXFileReference; lastKnownFileType = sourcecode.swift; path = LightApplicationUITestsLaunchTests.swift; sourceTree = "<group>"; };
/* End PBXFileReference section */

/* Begin PBXFrameworksBuildPhase section */
		3F8DEAFD2CAAB8FB00973165 /* Frameworks */ = {
			isa = PBXFrameworksBuildPhase;
			buildActionMask = 2147483647;
			files = (
			);
			runOnlyForDeploymentPostprocessing = 0;
		};
		3F8DEB132CAAB8FD00973165 /* Frameworks */ = {
			isa = PBXFrameworksBuildPhase;
			buildActionMask = 2147483647;
			files = (
			);
			runOnlyForDeploymentPostprocessing = 0;
		};
		3F8DEB1D2CAAB8FD00973165 /* Frameworks */ = {
			isa = PBXFrameworksBuildPhase;
			buildActionMask = 2147483647;
			files = (
			);
			runOnlyForDeploymentPostprocessing = 0;
		};
/* End PBXFrameworksBuildPhase section */

/* Begin PBXGroup section */
		3F8DEAF72CAAB8FB00973165 = {
			isa = PBXGroup;
			children = (
				3F8DEB022CAAB8FB00973165 /* LightApplication */,
				3F8DEB192CAAB8FD00973165 /* LightApplicationTests */,
				3F8DEB232CAAB8FD00973165 /* LightApplicationUITests */,
				3F8DEB012CAAB8FB00973165 /* Products */,
			);
			sourceTree = "<group>";
		};
		3F8DEB012CAAB8FB00973165 /* Products */ = {
			isa = PBXGroup;
			children = (
				3F8DEB002CAAB8FB00973165 /* LightApplication.app */,
				3F8DEB162CAAB8FD00973165 /* LightApplicationTests.xctest */,
				3F8DEB202CAAB8FD00973165 /* LightApplicationUITests.xctest */,
			);
			name = Products;
			sourceTree = "<group>";
		};
		3F8DEB022CAAB8FB00973165 /* LightApplication */ = {
			isa = PBXGroup;
			children = (
				3F8DEB032CAAB8FB00973165 /* AppDelegate.swift */,
				3F8DEB052CAAB8FB00973165 /* SceneDelegate.swift */,
				3F8DEB072CAAB8FB00973165 /* ViewController.swift */,
				3F8DEB092CAAB8FB00973165 /* Main.storyboard */,
				3F8DEB0C2CAAB8FD00973165 /* Assets.xcassets */,
				3F8DEB0E2CAAB8FD00973165 /* LaunchScreen.storyboard */,
				3F8DEB112CAAB8FD00973165 /* Info.plist */,
			);
			path = LightApplication;
			sourceTree = "<group>";
		};
		3F8DEB192CAAB8FD00973165 /* LightApplicationTests */ = {
			isa = PBXGroup;
			children = (
				3F8DEB1A2CAAB8FD00973165 /* LightApplicationTests.swift */,
			);
			path = LightApplicationTests;
			sourceTree = "<group>";
		};
		3F8DEB232CAAB8FD00973165 /* LightApplicationUITests */ = {
			isa = PBXGroup;
			children = (
				3F8DEB242CAAB8FD00973165 /* LightApplicationUITests.swift */,
				3F8DEB262CAAB8FD00973165 /* LightApplicationUITestsLaunchTests.swift */,
			);
			path = LightApplicationUITests;
			sourceTree = "<group>";
		};
/* End PBXGroup section */

/* Begin PBXNativeTarget section */
		3F8DEAFF2CAAB8FB00973165 /* LightApplication */ = {
			isa = PBXNativeTarget;
			buildConfigurationList = 3F8DEB2A2CAAB8FD00973165 /* Build configuration list for PBXNativeTarget "LightApplication" */;
			buildPhases = (
				3F8DEAFC2CAAB8FB00973165 /* Sources */,
				3F8DEAFD2CAAB8FB00973165 /* Frameworks */,
				3F8DEAFE2CAAB8FB00973165 /* Resources */,
			);
			buildRules = (
			);
			dependencies = (
			);
			name = LightApplication;
			productName = LightApplication;
			productReference = 3F8DEB002CAAB8FB00973165 /* LightApplication.app */;
			productType = "com.apple.product-type.application";
		};
		3F8DEB152CAAB8FD00973165 /* LightApplicationTests */ = {
			isa = PBXNativeTarget;
			buildConfigurationList = 3F8DEB2D2CAAB8FD00973165 /* Build configuration list for PBXNativeTarget "LightApplicationTests" */;
			buildPhases = (
				3F8DEB122CAAB8FD00973165 /* Sources */,
				3F8DEB132CAAB8FD00973165 /* Frameworks */,
				3F8DEB142CAAB8FD00973165 /* Resources */,
			);
			buildRules = (
			);
			dependencies = (
				3F8DEB182CAAB8FD00973165 /* PBXTargetDependency */,
			);
			name = LightApplicationTests;
			productName = LightApplicationTests;
			productReference = 3F8DEB162CAAB8FD00973165 /* LightApplicationTests.xctest */;
			productType = "com.apple.product-type.bundle.unit-test";
		};
		3F8DEB1F2CAAB8FD00973165 /* LightApplicationUITests */ = {
			isa = PBXNativeTarget;
			buildConfigurationList = 3F8DEB302CAAB8FD00973165 /* Build configuration list for PBXNativeTarget "LightApplicationUITests" */;
			buildPhases = (
				3F8DEB1C2CAAB8FD00973165 /* Sources */,
				3F8DEB1D2CAAB8FD00973165 /* Frameworks */,
				3F8DEB1E2CAAB8FD00973165 /* Resources */,
			);
			buildRules = (
			);
			dependencies = (
				3F8DEB222CAAB8FD00973165 /* PBXTargetDependency */,
			);
			name = LightApplicationUITests;
			productName = LightApplicationUITests;
			productReference = 3F8DEB202CAAB8FD00973165 /* LightApplicationUITests.xctest */;
			productType = "com.apple.product-type.bundle.ui-testing";
		};
/* End PBXNativeTarget section */

/* Begin PBXProject section */
		3F8DEAF82CAAB8FB00973165 /* Project object */ = {
			isa = PBXProject;
			attributes = {
				BuildIndependentTargetsInParallel = 1;
				LastSwiftUpdateCheck = 1430;
				LastUpgradeCheck = 1430;
				TargetAttributes = {
					3F8DEAFF2CAAB8FB00973165 = {
						CreatedOnToolsVersion = 14.3.1;
					};
					3F8DEB152CAAB8FD00973165 = {
						CreatedOnToolsVersion = 14.3.1;
						TestTargetID = 3F8DEAFF2CAAB8FB00973165;
					};
					3F8DEB1F2CAAB8FD00973165 = {
						CreatedOnToolsVersion = 14.3.1;
						TestTargetID = 3F8DEAFF2CAAB8FB00973165;
					};
				};
			};
			buildConfigurationList = 3F8DEAFB2CAAB8FB00973165 /* Build configuration list for PBXProject "LightApplication" */;
			compatibilityVersion = "Xcode 14.0";
			developmentRegion = en;
			hasScannedForEncodings = 0;
			knownRegions = (
				en,
				Base,
			);
			mainGroup = 3F8DEAF72CAAB8FB00973165;
			productRefGroup = 3F8DEB012CAAB8FB00973165 /* Products */;
			projectDirPath = "";
			projectRoot = "";
			targets = (
				3F8DEAFF2CAAB8FB00973165 /* LightApplication */,
				3F8DEB152CAAB8FD00973165 /* LightApplicationTests */,
				3F8DEB1F2CAAB8FD00973165 /* LightApplicationUITests */,
			);
		};
/* End PBXProject section */

/* Begin PBXResourcesBuildPhase section */
		3F8DEAFE2CAAB8FB00973165 /* Resources */ = {
			isa = PBXResourcesBuildPhase;
			buildActionMask = 2147483647;
			files = (
				3F8DEB102CAAB8FD00973165 /* LaunchScreen.storyboard in Resources */,
				3F8DEB0D2CAAB8FD00973165 /* Assets.xcassets in Resources */,
				3F8DEB0B2CAAB8FB00973165 /* Main.storyboard in Resources */,
			);
			runOnlyForDeploymentPostprocessing = 0;
		};
		3F8DEB142CAAB8FD00973165 /* Resources */ = {
			isa = PBXResourcesBuildPhase;
			buildActionMask = 2147483647;
			files = (
			);
			runOnlyForDeploymentPostprocessing = 0;
		};
		3F8DEB1E2CAAB8FD00973165 /* Resources */ = {
			isa = PBXResourcesBuildPhase;
			buildActionMask = 2147483647;
			files = (
			);
			runOnlyForDeploymentPostprocessing = 0;
		};
/* End PBXResourcesBuildPhase section */

/* Begin PBXSourcesBuildPhase section */
		3F8DEAFC2CAAB8FB00973165 /* Sources */ = {
			isa = PBXSourcesBuildPhase;
			buildActionMask = 2147483647;
			files = (
				3F8DEB082CAAB8FB00973165 /* ViewController.swift in Sources */,
				3F8DEB042CAAB8FB00973165 /* AppDelegate.swift in Sources */,
				3F8DEB062CAAB8FB00973165 /* SceneDelegate.swift in Sources */,
			);
			runOnlyForDeploymentPostprocessing = 0;
		};
		3F8DEB122CAAB8FD00973165 /* Sources */ = {
			isa = PBXSourcesBuildPhase;
			buildActionMask = 2147483647;
			files = (
				3F8DEB1B2CAAB8FD00973165 /* LightApplicationTests.swift in Sources */,
			);
			runOnlyForDeploymentPostprocessing = 0;
		};
		3F8DEB1C2CAAB8FD00973165 /* Sources */ = {
			isa = PBXSourcesBuildPhase;
			buildActionMask = 2147483647;
			files = (
				3F8DEB272CAAB8FD00973165 /* LightApplicationUITestsLaunchTests.swift in Sources */,
				3F8DEB252CAAB8FD00973165 /* LightApplicationUITests.swift in Sources */,
			);
			runOnlyForDeploymentPostprocessing = 0;
		};
/* End PBXSourcesBuildPhase section */

/* Begin PBXTargetDependency section */
		3F8DEB182CAAB8FD00973165 /* PBXTargetDependency */ = {
			isa = PBXTargetDependency;
			target = 3F8DEAFF2CAAB8FB00973165 /* LightApplication */;
			targetProxy = 3F8DEB172CAAB8FD00973165 /* PBXContainerItemProxy */;
		};
		3F8DEB222CAAB8FD00973165 /* PBXTargetDependency */ = {
			isa = PBXTargetDependency;
			target = 3F8DEAFF2CAAB8FB00973165 /* LightApplication */;
			targetProxy = 3F8DEB212CAAB8FD00973165 /* PBXContainerItemProxy */;
		};
/* End PBXTargetDependency section */

/* Begin PBXVariantGroup section */
		3F8DEB092CAAB8FB00973165 /* Main.storyboard */ = {
			isa = PBXVariantGroup;
			children = (
				3F8DEB0A2CAAB8FB00973165 /* Base */,
			);
			name = Main.storyboard;
			sourceTree = "<group>";
		};
		3F8DEB0E2CAAB8FD00973165 /* LaunchScreen.storyboard */ = {
			isa = PBXVariantGroup;
			children = (
				3F8DEB0F2CAAB8FD00973165 /* Base */,
			);
			name = LaunchScreen.storyboard;
			sourceTree = "<group>";
		};
/* End PBXVariantGroup section */

/* Begin XCBuildConfiguration section */
		3F8DEB282CAAB8FD00973165 /* Debug */ = {
			isa = XCBuildConfiguration;
			buildSettings = {
				ALWAYS_SEARCH_USER_PATHS = NO;
				CLANG_ANALYZER_NONNULL = YES;
				CLANG_ANALYZER_NUMBER_OBJECT_CONVERSION = YES_AGGRESSIVE;
				CLANG_CXX_LANGUAGE_STANDARD = "gnu++20";
				CLANG_ENABLE_MODULES = YES;
				CLANG_ENABLE_OBJC_ARC = YES;
				CLANG_ENABLE_OBJC_WEAK = YES;
				CLANG_WARN_BLOCK_CAPTURE_AUTORELEASING = YES;
				CLANG_WARN_BOOL_CONVERSION = YES;
				CLANG_WARN_COMMA = YES;
				CLANG_WARN_CONSTANT_CONVERSION = YES;
				CLANG_WARN_DEPRECATED_OBJC_IMPLEMENTATIONS = YES;
				CLANG_WARN_DIRECT_OBJC_ISA_USAGE = YES_ERROR;
				CLANG_WARN_DOCUMENTATION_COMMENTS = YES;
				CLANG_WARN_EMPTY_BODY = YES;
				CLANG_WARN_ENUM_CONVERSION = YES;
				CLANG_WARN_INFINITE_RECURSION = YES;
				CLANG_WARN_INT_CONVERSION = YES;
				CLANG_WARN_NON_LITERAL_NULL_CONVERSION = YES;
				CLANG_WARN_OBJC_IMPLICIT_RETAIN_SELF = YES;
				CLANG_WARN_OBJC_LITERAL_CONVERSION = YES;
				CLANG_WARN_OBJC_ROOT_CLASS = YES_ERROR;
				CLANG_WARN_QUOTED_INCLUDE_IN_FRAMEWORK_HEADER = YES;
				CLANG_WARN_RANGE_LOOP_ANALYSIS = YES;
				CLANG_WARN_STRICT_PROTOTYPES = YES;
				CLANG_WARN_SUSPICIOUS_MOVE = YES;
				CLANG_WARN_UNGUARDED_AVAILABILITY = YES_AGGRESSIVE;
				CLANG_WARN_UNREACHABLE_CODE = YES;
				CLANG_WARN__DUPLICATE_METHOD_MATCH = YES;
				COPY_PHASE_STRIP = NO;
				DEBUG_INFORMATION_FORMAT = dwarf;
				ENABLE_STRICT_OBJC_MSGSEND = YES;
				ENABLE_TESTABILITY = YES;
				GCC_C_LANGUAGE_STANDARD = gnu11;
				GCC_DYNAMIC_NO_PIC = NO;
				GCC_NO_COMMON_BLOCKS = YES;
				GCC_OPTIMIZATION_LEVEL = 0;
				GCC_PREPROCESSOR_DEFINITIONS = (
					"DEBUG=1",
					"$(inherited)",
				);
				GCC_WARN_64_TO_32_BIT_CONVERSION = YES;
				GCC_WARN_ABOUT_RETURN_TYPE = YES_ERROR;
				GCC_WARN_UNDECLARED_SELECTOR = YES;
				GCC_WARN_UNINITIALIZED_AUTOS = YES_AGGRESSIVE;
				GCC_WARN_UNUSED_FUNCTION = YES;
				GCC_WARN_UNUSED_VARIABLE = YES;
				IPHONEOS_DEPLOYMENT_TARGET = 16.4;
				MTL_ENABLE_DEBUG_INFO = INCLUDE_SOURCE;
				MTL_FAST_MATH = YES;
				ONLY_ACTIVE_ARCH = YES;
				SDKROOT = iphoneos;
				SWIFT_ACTIVE_COMPILATION_CONDITIONS = DEBUG;
				SWIFT_OPTIMIZATION_LEVEL = "-Onone";
			};
			name = Debug;
		};
		3F8DEB292CAAB8FD00973165 /* Release */ = {
			isa = XCBuildConfiguration;
			buildSettings = {
				ALWAYS_SEARCH_USER_PATHS = NO;
				CLANG_ANALYZER_NONNULL = YES;
				CLANG_ANALYZER_NUMBER_OBJECT_CONVERSION = YES_AGGRESSIVE;
				CLANG_CXX_LANGUAGE_STANDARD = "gnu++20";
				CLANG_ENABLE_MODULES = YES;
				CLANG_ENABLE_OBJC_ARC = YES;
				CLANG_ENABLE_OBJC_WEAK = YES;
				CLANG_WARN_BLOCK_CAPTURE_AUTORELEASING = YES;
				CLANG_WARN_BOOL_CONVERSION = YES;
				CLANG_WARN_COMMA = YES;
				CLANG_WARN_CONSTANT_CONVERSION = YES;
				CLANG_WARN_DEPRECATED_OBJC_IMPLEMENTATIONS = YES;
				CLANG_WARN_DIRECT_OBJC_ISA_USAGE = YES_ERROR;
				CLANG_WARN_DOCUMENTATION_COMMENTS = YES;
				CLANG_WARN_EMPTY_BODY = YES;
				CLANG_WARN_ENUM_CONVERSION = YES;
				CLANG_WARN_INFINITE_RECURSION = YES;
				CLANG_WARN_INT_CONVERSION = YES;
				CLANG_WARN_NON_LITERAL_NULL_CONVERSION = YES;
				CLANG_WARN_OBJC_IMPLICIT_RETAIN_SELF = YES;
				CLANG_WARN_OBJC_LITERAL_CONVERSION = YES;
				CLANG_WARN_OBJC_ROOT_CLASS = YES_ERROR;
				CLANG_WARN_QUOTED_INCLUDE_IN_FRAMEWORK_HEADER = YES;
				CLANG_WARN_RANGE_LOOP_ANALYSIS = YES;
				CLANG_WARN_STRICT_PROTOTYPES = YES;
				CLANG_WARN_SUSPICIOUS_MOVE = YES;
				CLANG_WARN_UNGUARDED_AVAILABILITY = YES_AGGRESSIVE;
				CLANG_WARN_UNREACHABLE_CODE = YES;
				CLANG_WARN__DUPLICATE_METHOD_MATCH = YES;
				COPY_PHASE_STRIP = NO;
				DEBUG_INFORMATION_FORMAT = "dwarf-with-dsym";
				ENABLE_NS_ASSERTIONS = NO;
				ENABLE_STRICT_OBJC_MSGSEND = YES;
				GCC_C_LANGUAGE_STANDARD = gnu11;
				GCC_NO_COMMON_BLOCKS = YES;
				GCC_WARN_64_TO_32_BIT_CONVERSION = YES;
				GCC_WARN_ABOUT_RETURN_TYPE = YES_ERROR;
				GCC_WARN_UNDECLARED_SELECTOR = YES;
				GCC_WARN_UNINITIALIZED_AUTOS = YES_AGGRESSIVE;
				GCC_WARN_UNUSED_FUNCTION = YES;
				GCC_WARN_UNUSED_VARIABLE = YES;
				IPHONEOS_DEPLOYMENT_TARGET = 16.4;
				MTL_ENABLE_DEBUG_INFO = NO;
				MTL_FAST_MATH = YES;
				SDKROOT = iphoneos;
				SWIFT_COMPILATION_MODE = wholemodule;
				SWIFT_OPTIMIZATION_LEVEL = "-O";
				VALIDATE_PRODUCT = YES;
			};
			name = Release;
		};
		3F8DEB2B2CAAB8FD00973165 /* Debug */ = {
			isa = XCBuildConfiguration;
			buildSettings = {
				ASSETCATALOG_COMPILER_APPICON_NAME = AppIcon;
				ASSETCATALOG_COMPILER_GLOBAL_ACCENT_COLOR_NAME = AccentColor;
				CODE_SIGN_STYLE = Automatic;
				CURRENT_PROJECT_VERSION = 1;
				DEVELOPMENT_TEAM = 8HH24RFC7N;
				GENERATE_INFOPLIST_FILE = YES;
				INFOPLIST_FILE = LightApplication/Info.plist;
				INFOPLIST_KEY_UIApplicationSupportsIndirectInputEvents = YES;
				INFOPLIST_KEY_UILaunchStoryboardName = LaunchScreen;
				INFOPLIST_KEY_UIMainStoryboardFile = Main;
				INFOPLIST_KEY_UISupportedInterfaceOrientations_iPad = "UIInterfaceOrientationPortrait UIInterfaceOrientationPortraitUpsideDown UIInterfaceOrientationLandscapeLeft UIInterfaceOrientationLandscapeRight";
				INFOPLIST_KEY_UISupportedInterfaceOrientations_iPhone = "UIInterfaceOrientationPortrait UIInterfaceOrientationLandscapeLeft UIInterfaceOrientationLandscapeRight";
				LD_RUNPATH_SEARCH_PATHS = (
					"$(inherited)",
					"@executable_path/Frameworks",
				);
				MARKETING_VERSION = 1.0;
				PRODUCT_BUNDLE_IDENTIFIER = dty.LightApplication;
				PRODUCT_NAME = "$(TARGET_NAME)";
				SWIFT_EMIT_LOC_STRINGS = YES;
				SWIFT_VERSION = 5.0;
				TARGETED_DEVICE_FAMILY = "1,2";
			};
			name = Debug;
		};
		3F8DEB2C2CAAB8FD00973165 /* Release */ = {
			isa = XCBuildConfiguration;
			buildSettings = {
				ASSETCATALOG_COMPILER_APPICON_NAME = AppIcon;
				ASSETCATALOG_COMPILER_GLOBAL_ACCENT_COLOR_NAME = AccentColor;
				CODE_SIGN_STYLE = Automatic;
				CURRENT_PROJECT_VERSION = 1;
				DEVELOPMENT_TEAM = 8HH24RFC7N;
				GENERATE_INFOPLIST_FILE = YES;
				INFOPLIST_FILE = LightApplication/Info.plist;
				INFOPLIST_KEY_UIApplicationSupportsIndirectInputEvents = YES;
				INFOPLIST_KEY_UILaunchStoryboardName = LaunchScreen;
				INFOPLIST_KEY_UIMainStoryboardFile = Main;
				INFOPLIST_KEY_UISupportedInterfaceOrientations_iPad = "UIInterfaceOrientationPortrait UIInterfaceOrientationPortraitUpsideDown UIInterfaceOrientationLandscapeLeft UIInterfaceOrientationLandscapeRight";
				INFOPLIST_KEY_UISupportedInterfaceOrientations_iPhone = "UIInterfaceOrientationPortrait UIInterfaceOrientationLandscapeLeft UIInterfaceOrientationLandscapeRight";
				LD_RUNPATH_SEARCH_PATHS = (
					"$(inherited)",
					"@executable_path/Frameworks",
				);
				MARKETING_VERSION = 1.0;
				PRODUCT_BUNDLE_IDENTIFIER = dty.LightApplication;
				PRODUCT_NAME = "$(TARGET_NAME)";
				SWIFT_EMIT_LOC_STRINGS = YES;
				SWIFT_VERSION = 5.0;
				TARGETED_DEVICE_FAMILY = "1,2";
			};
			name = Release;
		};
		3F8DEB2E2CAAB8FD00973165 /* Debug */ = {
			isa = XCBuildConfiguration;
			buildSettings = {
				ALWAYS_EMBED_SWIFT_STANDARD_LIBRARIES = YES;
				BUNDLE_LOADER = "$(TEST_HOST)";
				CODE_SIGN_STYLE = Automatic;
				CURRENT_PROJECT_VERSION = 1;
				GENERATE_INFOPLIST_FILE = YES;
				IPHONEOS_DEPLOYMENT_TARGET = 16.4;
				MARKETING_VERSION = 1.0;
				PRODUCT_BUNDLE_IDENTIFIER = dty.LightApplicationTests;
				PRODUCT_NAME = "$(TARGET_NAME)";
				SWIFT_EMIT_LOC_STRINGS = NO;
				SWIFT_VERSION = 5.0;
				TARGETED_DEVICE_FAMILY = "1,2";
				TEST_HOST = "$(BUILT_PRODUCTS_DIR)/LightApplication.app/$(BUNDLE_EXECUTABLE_FOLDER_PATH)/LightApplication";
			};
			name = Debug;
		};
		3F8DEB2F2CAAB8FD00973165 /* Release */ = {
			isa = XCBuildConfiguration;
			buildSettings = {
				ALWAYS_EMBED_SWIFT_STANDARD_LIBRARIES = YES;
				BUNDLE_LOADER = "$(TEST_HOST)";
				CODE_SIGN_STYLE = Automatic;
				CURRENT_PROJECT_VERSION = 1;
				GENERATE_INFOPLIST_FILE = YES;
				IPHONEOS_DEPLOYMENT_TARGET = 16.4;
				MARKETING_VERSION = 1.0;
				PRODUCT_BUNDLE_IDENTIFIER = dty.LightApplicationTests;
				PRODUCT_NAME = "$(TARGET_NAME)";
				SWIFT_EMIT_LOC_STRINGS = NO;
				SWIFT_VERSION = 5.0;
				TARGETED_DEVICE_FAMILY = "1,2";
				TEST_HOST = "$(BUILT_PRODUCTS_DIR)/LightApplication.app/$(BUNDLE_EXECUTABLE_FOLDER_PATH)/LightApplication";
			};
			name = Release;
		};
		3F8DEB312CAAB8FD00973165 /* Debug */ = {
			isa = XCBuildConfiguration;
			buildSettings = {
				ALWAYS_EMBED_SWIFT_STANDARD_LIBRARIES = YES;
				CODE_SIGN_STYLE = Automatic;
				CURRENT_PROJECT_VERSION = 1;
				GENERATE_INFOPLIST_FILE = YES;
				MARKETING_VERSION = 1.0;
				PRODUCT_BUNDLE_IDENTIFIER = dty.LightApplicationUITests;
				PRODUCT_NAME = "$(TARGET_NAME)";
				SWIFT_EMIT_LOC_STRINGS = NO;
				SWIFT_VERSION = 5.0;
				TARGETED_DEVICE_FAMILY = "1,2";
				TEST_TARGET_NAME = LightApplication;
			};
			name = Debug;
		};
		3F8DEB322CAAB8FD00973165 /* Release */ = {
			isa = XCBuildConfiguration;
			buildSettings = {
				ALWAYS_EMBED_SWIFT_STANDARD_LIBRARIES = YES;
				CODE_SIGN_STYLE = Automatic;
				CURRENT_PROJECT_VERSION = 1;
				GENERATE_INFOPLIST_FILE = YES;
				MARKETING_VERSION = 1.0;
				PRODUCT_BUNDLE_IDENTIFIER = dty.LightApplicationUITests;
				PRODUCT_NAME = "$(TARGET_NAME)";
				SWIFT_EMIT_LOC_STRINGS = NO;
				SWIFT_VERSION = 5.0;
				TARGETED_DEVICE_FAMILY = "1,2";
				TEST_TARGET_NAME = LightApplication;
			};
			name = Release;
		};
/* End XCBuildConfiguration section */

/* Begin XCConfigurationList section */
		3F8DEAFB2CAAB8FB00973165 /* Build configuration list for PBXProject "LightApplication" */ = {
			isa = XCConfigurationList;
			buildConfigurations = (
				3F8DEB282CAAB8FD00973165 /* Debug */,
				3F8DEB292CAAB8FD00973165 /* Release */,
			);
			defaultConfigurationIsVisible = 0;
			defaultConfigurationName = Release;
		};
		3F8DEB2A2CAAB8FD00973165 /* Build configuration list for PBXNativeTarget "LightApplication" */ = {
			isa = XCConfigurationList;
			buildConfigurations = (
				3F8DEB2B2CAAB8FD00973165 /* Debug */,
				3F8DEB2C2CAAB8FD00973165 /* Release */,
			);
			defaultConfigurationIsVisible = 0;
			defaultConfigurationName = Release;
		};
		3F8DEB2D2CAAB8FD00973165 /* Build configuration list for PBXNativeTarget "LightApplicationTests" */ = {
			isa = XCConfigurationList;
			buildConfigurations = (
				3F8DEB2E2CAAB8FD00973165 /* Debug */,
				3F8DEB2F2CAAB8FD00973165 /* Release */,
			);
			defaultConfigurationIsVisible = 0;
			defaultConfigurationName = Release;
		};
		3F8DEB302CAAB8FD00973165 /* Build configuration list for PBXNativeTarget "LightApplicationUITests" */ = {
			isa = XCConfigurationList;
			buildConfigurations = (
				3F8DEB312CAAB8FD00973165 /* Debug */,
				3F8DEB322CAAB8FD00973165 /* Release */,
			);
			defaultConfigurationIsVisible = 0;
			defaultConfigurationName = Release;
		};
/* End XCConfigurationList section */
	};
	rootObject = 3F8DEAF82CAAB8FB00973165 /* Project object */;
}
